// !$*UTF8*$!
{
	archiveVersion = 1;
	classes = {
	};
	objectVersion = 46;
	objects = {

/* Begin PBXBuildFile section */
		244A45EC1DEBEF0D001596E5 /* JSSXMLKeyedArchiver.swift in Sources */ = {isa = PBXBuildFile; fileRef = 244A45EB1DEBEF0D001596E5 /* JSSXMLKeyedArchiver.swift */; };
		244A45EE1DEBFEE3001596E5 /* DistributionPointStore.swift in Sources */ = {isa = PBXBuildFile; fileRef = 244A45ED1DEBFEE3001596E5 /* DistributionPointStore.swift */; };
		244A45F01DEC00B0001596E5 /* DistributionPoint.swift in Sources */ = {isa = PBXBuildFile; fileRef = 244A45EF1DEC00B0001596E5 /* DistributionPoint.swift */; };
		244A45F11DEC0398001596E5 /* DistributionPointStore.swift in Sources */ = {isa = PBXBuildFile; fileRef = 244A45ED1DEBFEE3001596E5 /* DistributionPointStore.swift */; };
		244A45F21DEC039B001596E5 /* DistributionPoint.swift in Sources */ = {isa = PBXBuildFile; fileRef = 244A45EF1DEC00B0001596E5 /* DistributionPoint.swift */; };
		244A45F41DEC0699001596E5 /* DistributionPointTests.swift in Sources */ = {isa = PBXBuildFile; fileRef = 244A45F31DEC0699001596E5 /* DistributionPointTests.swift */; };
		244A45F51DEC12AC001596E5 /* JSSXMLKeyedArchiver.swift in Sources */ = {isa = PBXBuildFile; fileRef = 244A45EB1DEBEF0D001596E5 /* JSSXMLKeyedArchiver.swift */; };
		244A45F71DEC4C91001596E5 /* PackageTests.swift in Sources */ = {isa = PBXBuildFile; fileRef = 244A45F61DEC4C91001596E5 /* PackageTests.swift */; };
		244A45F91DED2E1E001596E5 /* GenericStoreTests.swift in Sources */ = {isa = PBXBuildFile; fileRef = 244A45F81DED2E1E001596E5 /* GenericStoreTests.swift */; };
		244A45FB1DED6162001596E5 /* GenericStore.swift in Sources */ = {isa = PBXBuildFile; fileRef = 244A45FA1DED6162001596E5 /* GenericStore.swift */; };
		244A45FC1DED6162001596E5 /* GenericStore.swift in Sources */ = {isa = PBXBuildFile; fileRef = 244A45FA1DED6162001596E5 /* GenericStore.swift */; };
		244A45FE1DED6A46001596E5 /* ActivationCodeTests.swift in Sources */ = {isa = PBXBuildFile; fileRef = 244A45FD1DED6A46001596E5 /* ActivationCodeTests.swift */; };
		244A46011DEFA256001596E5 /* ComputerGroup.swift in Sources */ = {isa = PBXBuildFile; fileRef = 244A46001DEFA256001596E5 /* ComputerGroup.swift */; };
		244A46031DF028DD001596E5 /* DateTimeLimitations.swift in Sources */ = {isa = PBXBuildFile; fileRef = 244A46021DF028DD001596E5 /* DateTimeLimitations.swift */; };
		244A46051DF02D76001596E5 /* Reboot.swift in Sources */ = {isa = PBXBuildFile; fileRef = 244A46041DF02D76001596E5 /* Reboot.swift */; };
		244A46071DF0313C001596E5 /* Scope.swift in Sources */ = {isa = PBXBuildFile; fileRef = 244A46061DF0313C001596E5 /* Scope.swift */; };
		244A46081DF03141001596E5 /* Scope.swift in Sources */ = {isa = PBXBuildFile; fileRef = 244A46061DF0313C001596E5 /* Scope.swift */; };
		244A460A1DF193E1001596E5 /* XMLArray.swift in Sources */ = {isa = PBXBuildFile; fileRef = 244A46091DF193E1001596E5 /* XMLArray.swift */; };
		244A460C1DF28FFD001596E5 /* ConfigurationProfile.swift in Sources */ = {isa = PBXBuildFile; fileRef = 244A460B1DF28FFD001596E5 /* ConfigurationProfile.swift */; };
		244A460D1DF28FFD001596E5 /* ConfigurationProfile.swift in Sources */ = {isa = PBXBuildFile; fileRef = 244A460B1DF28FFD001596E5 /* ConfigurationProfile.swift */; };
		244A460F1DF292EC001596E5 /* ComputerGroup.swift in Sources */ = {isa = PBXBuildFile; fileRef = 244A46001DEFA256001596E5 /* ComputerGroup.swift */; };
		244A46111DF29409001596E5 /* BuildingTests.swift in Sources */ = {isa = PBXBuildFile; fileRef = 244A46101DF29409001596E5 /* BuildingTests.swift */; };
		24B02A371DD48EB3001596E5 /* jss.h in Headers */ = {isa = PBXBuildFile; fileRef = 24B02A351DD48EB3001596E5 /* jss.h */; settings = {ATTRIBUTES = (Public, ); }; };
		24B02A3E1DD48EEA001596E5 /* Token.swift in Sources */ = {isa = PBXBuildFile; fileRef = 24B02A3D1DD48EEA001596E5 /* Token.swift */; };
		24B02A401DD48F32001596E5 /* UAPI.swift in Sources */ = {isa = PBXBuildFile; fileRef = 24B02A3F1DD48F32001596E5 /* UAPI.swift */; };
		24B02A4E1DD496BA001596E5 /* jss.framework in Frameworks */ = {isa = PBXBuildFile; fileRef = 24B02A321DD48EB3001596E5 /* jss.framework */; };
		24B02A551DD496CE001596E5 /* UAPI.swift in Sources */ = {isa = PBXBuildFile; fileRef = 24B02A3F1DD48F32001596E5 /* UAPI.swift */; };
		24BD17411DF55A57001596E5 /* .jazzy.yaml in Resources */ = {isa = PBXBuildFile; fileRef = 24BD17401DF55A57001596E5 /* .jazzy.yaml */; };
		24BD17461DF570E2001596E5 /* Account.swift in Sources */ = {isa = PBXBuildFile; fileRef = 840490721DDB28F600D1E523 /* Account.swift */; };
		24BD17471DF570E3001596E5 /* Account.swift in Sources */ = {isa = PBXBuildFile; fileRef = 840490721DDB28F600D1E523 /* Account.swift */; };
		24BD17481DF570EA001596E5 /* Privileges.swift in Sources */ = {isa = PBXBuildFile; fileRef = 840490761DDB2A7600D1E523 /* Privileges.swift */; };
		24BD17491DF570EA001596E5 /* Privileges.swift in Sources */ = {isa = PBXBuildFile; fileRef = 840490761DDB2A7600D1E523 /* Privileges.swift */; };
		24BD178B1DF5804A001596E5 /* Script.swift in Sources */ = {isa = PBXBuildFile; fileRef = 24BD178A1DF5804A001596E5 /* Script.swift */; };
		24BD178C1DF5804A001596E5 /* Script.swift in Sources */ = {isa = PBXBuildFile; fileRef = 24BD178A1DF5804A001596E5 /* Script.swift */; };
		24BD178D1DF5804A001596E5 /* Script.swift in Sources */ = {isa = PBXBuildFile; fileRef = 24BD178A1DF5804A001596E5 /* Script.swift */; };
		24BD178E1DF5804A001596E5 /* Script.swift in Sources */ = {isa = PBXBuildFile; fileRef = 24BD178A1DF5804A001596E5 /* Script.swift */; };
		24D66F661DD9BE2F001596E5 /* Token.swift in Sources */ = {isa = PBXBuildFile; fileRef = 24B02A3D1DD48EEA001596E5 /* Token.swift */; };
		34395D111DEE69C0006DE032 /* SMTPServer.swift in Sources */ = {isa = PBXBuildFile; fileRef = 34395D101DEE69C0006DE032 /* SMTPServer.swift */; };
		34395D121DEE69C0006DE032 /* SMTPServer.swift in Sources */ = {isa = PBXBuildFile; fileRef = 34395D101DEE69C0006DE032 /* SMTPServer.swift */; };
		34395D141DEE6DB8006DE032 /* Policy.swift in Sources */ = {isa = PBXBuildFile; fileRef = 34395D131DEE6DB8006DE032 /* Policy.swift */; };
		34395D151DEE6DB8006DE032 /* Policy.swift in Sources */ = {isa = PBXBuildFile; fileRef = 34395D131DEE6DB8006DE032 /* Policy.swift */; };
		34395D171DEE6FF6006DE032 /* Category.swift in Sources */ = {isa = PBXBuildFile; fileRef = 34395D161DEE6FF6006DE032 /* Category.swift */; };
		34395D181DEE6FF6006DE032 /* Category.swift in Sources */ = {isa = PBXBuildFile; fileRef = 34395D161DEE6FF6006DE032 /* Category.swift */; };
		34395D1B1DEE747F006DE032 /* Maintenance.swift in Sources */ = {isa = PBXBuildFile; fileRef = 34395D1A1DEE747F006DE032 /* Maintenance.swift */; };
		34395D1C1DEE747F006DE032 /* Maintenance.swift in Sources */ = {isa = PBXBuildFile; fileRef = 34395D1A1DEE747F006DE032 /* Maintenance.swift */; };
		34395D1E1DEE75D9006DE032 /* SelfService.swift in Sources */ = {isa = PBXBuildFile; fileRef = 34395D1D1DEE75D9006DE032 /* SelfService.swift */; };
		34395D1F1DEE75D9006DE032 /* SelfService.swift in Sources */ = {isa = PBXBuildFile; fileRef = 34395D1D1DEE75D9006DE032 /* SelfService.swift */; };
		34395D211DEE7905006DE032 /* CoderTests.swift in Sources */ = {isa = PBXBuildFile; fileRef = 34395D201DEE7905006DE032 /* CoderTests.swift */; };
		34395D231DEEAACD006DE032 /* LDAPServer.swift in Sources */ = {isa = PBXBuildFile; fileRef = 34395D221DEEAACD006DE032 /* LDAPServer.swift */; };
		34395D241DEEAACD006DE032 /* LDAPServer.swift in Sources */ = {isa = PBXBuildFile; fileRef = 34395D221DEEAACD006DE032 /* LDAPServer.swift */; };
		34423C311DF4E03900535A6E /* DepartmentTests.swift in Sources */ = {isa = PBXBuildFile; fileRef = 34423C301DF4E03900535A6E /* DepartmentTests.swift */; };
		34423C331DF4E1C300535A6E /* SMTPServerTests.swift in Sources */ = {isa = PBXBuildFile; fileRef = 34423C321DF4E1C300535A6E /* SMTPServerTests.swift */; };
		34423C351DF4E54400535A6E /* PolicyTests.swift in Sources */ = {isa = PBXBuildFile; fileRef = 34423C341DF4E54400535A6E /* PolicyTests.swift */; };
		34423C441DF4F62B00535A6E /* jsstouch.framework in Frameworks */ = {isa = PBXBuildFile; fileRef = 34423C3B1DF4F62B00535A6E /* jsstouch.framework */; };
		34423C491DF4F62B00535A6E /* jssTests.swift in Sources */ = {isa = PBXBuildFile; fileRef = 34423C481DF4F62B00535A6E /* jssTests.swift */; };
		34423C4B1DF4F62B00535A6E /* jss.h in Headers */ = {isa = PBXBuildFile; fileRef = 34423C3D1DF4F62B00535A6E /* jss.h */; settings = {ATTRIBUTES = (Public, ); }; };
		344DF2A61DF664EE0018A582 /* Basic.md in Sources */ = {isa = PBXBuildFile; fileRef = 344DF2A51DF664EE0018A582 /* Basic.md */; };
		34E338171DE3ED6F0045861F /* API.swift in Sources */ = {isa = PBXBuildFile; fileRef = 34E338161DE3ED6F0045861F /* API.swift */; };
		34E338181DE3F1860045861F /* API.swift in Sources */ = {isa = PBXBuildFile; fileRef = 34E338161DE3ED6F0045861F /* API.swift */; };
		34E3381B1DE3FA530045861F /* ActivationCode.swift in Sources */ = {isa = PBXBuildFile; fileRef = 840490781DDB2AF700D1E523 /* ActivationCode.swift */; };
		34E3381C1DE3FA550045861F /* Privileges.swift in Sources */ = {isa = PBXBuildFile; fileRef = 840490761DDB2A7600D1E523 /* Privileges.swift */; };
		34E3381D1DE3FA570045861F /* Account.swift in Sources */ = {isa = PBXBuildFile; fileRef = 840490721DDB28F600D1E523 /* Account.swift */; };
		34E3381E1DE3FA590045861F /* Site.swift in Sources */ = {isa = PBXBuildFile; fileRef = 840490741DDB29D000D1E523 /* Site.swift */; };
		34E3381F1DE3FA5B0045861F /* SystemInformation.swift in Sources */ = {isa = PBXBuildFile; fileRef = 840490701DDB286200D1E523 /* SystemInformation.swift */; };
		34E338201DE3FA5D0045861F /* Department.swift in Sources */ = {isa = PBXBuildFile; fileRef = 8404906E1DDB281C00D1E523 /* Department.swift */; };
		34E338211DE3FA5E0045861F /* Building.swift in Sources */ = {isa = PBXBuildFile; fileRef = 8404906C1DDB278200D1E523 /* Building.swift */; };
		34E338261DE411340045861F /* JSSStore.swift in Sources */ = {isa = PBXBuildFile; fileRef = 34E338251DE411340045861F /* JSSStore.swift */; };
		34E338281DE4132E0045861F /* JSSStore.swift in Sources */ = {isa = PBXBuildFile; fileRef = 34E338251DE411340045861F /* JSSStore.swift */; };
		8404906D1DDB278200D1E523 /* Building.swift in Sources */ = {isa = PBXBuildFile; fileRef = 8404906C1DDB278200D1E523 /* Building.swift */; };
		8404906F1DDB281C00D1E523 /* Department.swift in Sources */ = {isa = PBXBuildFile; fileRef = 8404906E1DDB281C00D1E523 /* Department.swift */; };
		840490711DDB286200D1E523 /* SystemInformation.swift in Sources */ = {isa = PBXBuildFile; fileRef = 840490701DDB286200D1E523 /* SystemInformation.swift */; };
		840490731DDB28F600D1E523 /* Account.swift in Sources */ = {isa = PBXBuildFile; fileRef = 840490721DDB28F600D1E523 /* Account.swift */; };
		840490751DDB29D000D1E523 /* Site.swift in Sources */ = {isa = PBXBuildFile; fileRef = 840490741DDB29D000D1E523 /* Site.swift */; };
		840490771DDB2A7600D1E523 /* Privileges.swift in Sources */ = {isa = PBXBuildFile; fileRef = 840490761DDB2A7600D1E523 /* Privileges.swift */; };
		840490791DDB2AF700D1E523 /* ActivationCode.swift in Sources */ = {isa = PBXBuildFile; fileRef = 840490781DDB2AF700D1E523 /* ActivationCode.swift */; };
		84800FCA1DEEC7DC001B4BC0 /* APITestCase.swift in Sources */ = {isa = PBXBuildFile; fileRef = 84800FC91DEEC7DC001B4BC0 /* APITestCase.swift */; };
		84C6644D1DE59A6900E8C00B /* .gitignore in Resources */ = {isa = PBXBuildFile; fileRef = 84C6644C1DE59A6900E8C00B /* .gitignore */; };
		84C6644F1DE819E500E8C00B /* Package.swift in Sources */ = {isa = PBXBuildFile; fileRef = 84C6644E1DE819E400E8C00B /* Package.swift */; };
		84C664541DE982D600E8C00B /* JSSResource.swift in Sources */ = {isa = PBXBuildFile; fileRef = 84C664531DE982D600E8C00B /* JSSResource.swift */; };
		84C664551DE982D600E8C00B /* JSSResource.swift in Sources */ = {isa = PBXBuildFile; fileRef = 84C664531DE982D600E8C00B /* JSSResource.swift */; };
		84C6645A1DEAD23800E8C00B /* MirrorParser.swift in Sources */ = {isa = PBXBuildFile; fileRef = 84C664591DEAD23800E8C00B /* MirrorParser.swift */; };
		84C6645B1DEAD23800E8C00B /* MirrorParser.swift in Sources */ = {isa = PBXBuildFile; fileRef = 84C664591DEAD23800E8C00B /* MirrorParser.swift */; };
		84C6645E1DEAD95500E8C00B /* ParserTests.swift in Sources */ = {isa = PBXBuildFile; fileRef = 84C6645C1DEAD95500E8C00B /* ParserTests.swift */; };
		84C6645F1DEADA0E00E8C00B /* Package.swift in Sources */ = {isa = PBXBuildFile; fileRef = 84C6644E1DE819E400E8C00B /* Package.swift */; };
/* End PBXBuildFile section */

/* Begin PBXContainerItemProxy section */
		24B02A4F1DD496BA001596E5 /* PBXContainerItemProxy */ = {
			isa = PBXContainerItemProxy;
			containerPortal = 24B02A291DD48EB3001596E5 /* Project object */;
			proxyType = 1;
			remoteGlobalIDString = 24B02A311DD48EB3001596E5;
			remoteInfo = jssapi;
		};
		34423C451DF4F62B00535A6E /* PBXContainerItemProxy */ = {
			isa = PBXContainerItemProxy;
			containerPortal = 24B02A291DD48EB3001596E5 /* Project object */;
			proxyType = 1;
			remoteGlobalIDString = 34423C3A1DF4F62B00535A6E;
			remoteInfo = jss;
		};
/* End PBXContainerItemProxy section */

/* Begin PBXFileReference section */
		244A45EB1DEBEF0D001596E5 /* JSSXMLKeyedArchiver.swift */ = {isa = PBXFileReference; fileEncoding = 4; lastKnownFileType = sourcecode.swift; name = JSSXMLKeyedArchiver.swift; path = coders/JSSXMLKeyedArchiver.swift; sourceTree = "<group>"; };
		244A45ED1DEBFEE3001596E5 /* DistributionPointStore.swift */ = {isa = PBXFileReference; fileEncoding = 4; lastKnownFileType = sourcecode.swift; name = DistributionPointStore.swift; path = stores/DistributionPointStore.swift; sourceTree = "<group>"; };
		244A45EF1DEC00B0001596E5 /* DistributionPoint.swift */ = {isa = PBXFileReference; fileEncoding = 4; lastKnownFileType = sourcecode.swift; name = DistributionPoint.swift; path = objects/DistributionPoint.swift; sourceTree = "<group>"; };
		244A45F31DEC0699001596E5 /* DistributionPointTests.swift */ = {isa = PBXFileReference; fileEncoding = 4; lastKnownFileType = sourcecode.swift; path = DistributionPointTests.swift; sourceTree = "<group>"; };
		244A45F61DEC4C91001596E5 /* PackageTests.swift */ = {isa = PBXFileReference; fileEncoding = 4; lastKnownFileType = sourcecode.swift; path = PackageTests.swift; sourceTree = "<group>"; };
		244A45F81DED2E1E001596E5 /* GenericStoreTests.swift */ = {isa = PBXFileReference; fileEncoding = 4; lastKnownFileType = sourcecode.swift; path = GenericStoreTests.swift; sourceTree = "<group>"; };
		244A45FA1DED6162001596E5 /* GenericStore.swift */ = {isa = PBXFileReference; fileEncoding = 4; lastKnownFileType = sourcecode.swift; name = GenericStore.swift; path = stores/GenericStore.swift; sourceTree = "<group>"; };
		244A45FD1DED6A46001596E5 /* ActivationCodeTests.swift */ = {isa = PBXFileReference; fileEncoding = 4; lastKnownFileType = sourcecode.swift; path = ActivationCodeTests.swift; sourceTree = "<group>"; };
		244A46001DEFA256001596E5 /* ComputerGroup.swift */ = {isa = PBXFileReference; fileEncoding = 4; lastKnownFileType = sourcecode.swift; name = ComputerGroup.swift; path = objects/ComputerGroup.swift; sourceTree = "<group>"; };
		244A46021DF028DD001596E5 /* DateTimeLimitations.swift */ = {isa = PBXFileReference; fileEncoding = 4; lastKnownFileType = sourcecode.swift; name = DateTimeLimitations.swift; path = objects/policy/DateTimeLimitations.swift; sourceTree = "<group>"; };
		244A46041DF02D76001596E5 /* Reboot.swift */ = {isa = PBXFileReference; fileEncoding = 4; lastKnownFileType = sourcecode.swift; name = Reboot.swift; path = objects/policy/Reboot.swift; sourceTree = "<group>"; };
		244A46061DF0313C001596E5 /* Scope.swift */ = {isa = PBXFileReference; fileEncoding = 4; lastKnownFileType = sourcecode.swift; name = Scope.swift; path = objects/policy/Scope.swift; sourceTree = "<group>"; };
		244A46091DF193E1001596E5 /* XMLArray.swift */ = {isa = PBXFileReference; fileEncoding = 4; lastKnownFileType = sourcecode.swift; path = XMLArray.swift; sourceTree = "<group>"; };
		244A460B1DF28FFD001596E5 /* ConfigurationProfile.swift */ = {isa = PBXFileReference; fileEncoding = 4; lastKnownFileType = sourcecode.swift; name = ConfigurationProfile.swift; path = objects/ConfigurationProfile.swift; sourceTree = "<group>"; };
		244A46101DF29409001596E5 /* BuildingTests.swift */ = {isa = PBXFileReference; fileEncoding = 4; lastKnownFileType = sourcecode.swift; path = BuildingTests.swift; sourceTree = "<group>"; };
		24B02A321DD48EB3001596E5 /* jss.framework */ = {isa = PBXFileReference; explicitFileType = wrapper.framework; includeInIndex = 0; path = jss.framework; sourceTree = BUILT_PRODUCTS_DIR; };
		24B02A351DD48EB3001596E5 /* jss.h */ = {isa = PBXFileReference; lastKnownFileType = sourcecode.c.h; path = jss.h; sourceTree = "<group>"; };
		24B02A361DD48EB3001596E5 /* Info.plist */ = {isa = PBXFileReference; lastKnownFileType = text.plist.xml; path = Info.plist; sourceTree = "<group>"; };
		24B02A3D1DD48EEA001596E5 /* Token.swift */ = {isa = PBXFileReference; fileEncoding = 4; lastKnownFileType = sourcecode.swift; path = Token.swift; sourceTree = "<group>"; };
		24B02A3F1DD48F32001596E5 /* UAPI.swift */ = {isa = PBXFileReference; fileEncoding = 4; lastKnownFileType = sourcecode.swift; path = UAPI.swift; sourceTree = "<group>"; };
		24B02A411DD494A6001596E5 /* UAPITests.swift */ = {isa = PBXFileReference; fileEncoding = 4; lastKnownFileType = sourcecode.swift; path = UAPITests.swift; sourceTree = "<group>"; };
		24B02A491DD496B9001596E5 /* jssTests.xctest */ = {isa = PBXFileReference; explicitFileType = wrapper.cfbundle; includeInIndex = 0; path = jssTests.xctest; sourceTree = BUILT_PRODUCTS_DIR; };
		24B02A4D1DD496BA001596E5 /* Info.plist */ = {isa = PBXFileReference; lastKnownFileType = text.plist.xml; path = Info.plist; sourceTree = "<group>"; };
		24BD17401DF55A57001596E5 /* .jazzy.yaml */ = {isa = PBXFileReference; fileEncoding = 4; lastKnownFileType = text; path = .jazzy.yaml; sourceTree = "<group>"; };
		24BD17421DF55B49001596E5 /* README.md */ = {isa = PBXFileReference; lastKnownFileType = net.daringfireball.markdown; path = README.md; sourceTree = "<group>"; };
		24BD17431DF55EC6001596E5 /* Policies.md */ = {isa = PBXFileReference; fileEncoding = 4; lastKnownFileType = net.daringfireball.markdown; name = Policies.md; path = docs/Policies.md; sourceTree = "<group>"; };
		24BD178A1DF5804A001596E5 /* Script.swift */ = {isa = PBXFileReference; fileEncoding = 4; lastKnownFileType = sourcecode.swift; name = Script.swift; path = objects/Script.swift; sourceTree = "<group>"; };
		34395D101DEE69C0006DE032 /* SMTPServer.swift */ = {isa = PBXFileReference; fileEncoding = 4; lastKnownFileType = sourcecode.swift; name = SMTPServer.swift; path = objects/SMTPServer.swift; sourceTree = "<group>"; };
		34395D131DEE6DB8006DE032 /* Policy.swift */ = {isa = PBXFileReference; fileEncoding = 4; lastKnownFileType = sourcecode.swift; name = Policy.swift; path = objects/Policy.swift; sourceTree = "<group>"; };
		34395D161DEE6FF6006DE032 /* Category.swift */ = {isa = PBXFileReference; fileEncoding = 4; lastKnownFileType = sourcecode.swift; name = Category.swift; path = objects/Category.swift; sourceTree = "<group>"; };
		34395D1A1DEE747F006DE032 /* Maintenance.swift */ = {isa = PBXFileReference; fileEncoding = 4; lastKnownFileType = sourcecode.swift; name = Maintenance.swift; path = objects/policy/Maintenance.swift; sourceTree = "<group>"; };
		34395D1D1DEE75D9006DE032 /* SelfService.swift */ = {isa = PBXFileReference; fileEncoding = 4; lastKnownFileType = sourcecode.swift; name = SelfService.swift; path = objects/policy/SelfService.swift; sourceTree = "<group>"; };
		34395D201DEE7905006DE032 /* CoderTests.swift */ = {isa = PBXFileReference; fileEncoding = 4; lastKnownFileType = sourcecode.swift; name = CoderTests.swift; path = jssapiTests/CoderTests.swift; sourceTree = SOURCE_ROOT; };
		34395D221DEEAACD006DE032 /* LDAPServer.swift */ = {isa = PBXFileReference; fileEncoding = 4; lastKnownFileType = sourcecode.swift; name = LDAPServer.swift; path = objects/LDAPServer.swift; sourceTree = "<group>"; };
		34423C301DF4E03900535A6E /* DepartmentTests.swift */ = {isa = PBXFileReference; fileEncoding = 4; lastKnownFileType = sourcecode.swift; path = DepartmentTests.swift; sourceTree = "<group>"; };
		34423C321DF4E1C300535A6E /* SMTPServerTests.swift */ = {isa = PBXFileReference; fileEncoding = 4; lastKnownFileType = sourcecode.swift; path = SMTPServerTests.swift; sourceTree = "<group>"; };
		34423C341DF4E54400535A6E /* PolicyTests.swift */ = {isa = PBXFileReference; fileEncoding = 4; lastKnownFileType = sourcecode.swift; name = PolicyTests.swift; path = jssapiTests/PolicyTests.swift; sourceTree = SOURCE_ROOT; };
		34423C3B1DF4F62B00535A6E /* jsstouch.framework */ = {isa = PBXFileReference; explicitFileType = wrapper.framework; includeInIndex = 0; path = jsstouch.framework; sourceTree = BUILT_PRODUCTS_DIR; };
		34423C3D1DF4F62B00535A6E /* jss.h */ = {isa = PBXFileReference; lastKnownFileType = sourcecode.c.h; path = jss.h; sourceTree = "<group>"; };
		34423C3E1DF4F62B00535A6E /* Info.plist */ = {isa = PBXFileReference; lastKnownFileType = text.plist.xml; path = Info.plist; sourceTree = "<group>"; };
		34423C431DF4F62B00535A6E /* jsstouchTests.xctest */ = {isa = PBXFileReference; explicitFileType = wrapper.cfbundle; includeInIndex = 0; path = jsstouchTests.xctest; sourceTree = BUILT_PRODUCTS_DIR; };
		34423C481DF4F62B00535A6E /* jssTests.swift */ = {isa = PBXFileReference; lastKnownFileType = sourcecode.swift; path = jssTests.swift; sourceTree = "<group>"; };
		34423C4A1DF4F62B00535A6E /* Info.plist */ = {isa = PBXFileReference; lastKnownFileType = text.plist.xml; path = Info.plist; sourceTree = "<group>"; };
		344DF2A51DF664EE0018A582 /* Basic.md */ = {isa = PBXFileReference; fileEncoding = 4; lastKnownFileType = net.daringfireball.markdown; name = Basic.md; path = docs/Basic.md; sourceTree = "<group>"; };
		34E338161DE3ED6F0045861F /* API.swift */ = {isa = PBXFileReference; fileEncoding = 4; lastKnownFileType = sourcecode.swift; path = API.swift; sourceTree = "<group>"; };
		34E338251DE411340045861F /* JSSStore.swift */ = {isa = PBXFileReference; fileEncoding = 4; lastKnownFileType = sourcecode.swift; name = JSSStore.swift; path = stores/JSSStore.swift; sourceTree = "<group>"; };
		8404906C1DDB278200D1E523 /* Building.swift */ = {isa = PBXFileReference; fileEncoding = 4; lastKnownFileType = sourcecode.swift; name = Building.swift; path = objects/Building.swift; sourceTree = "<group>"; };
		8404906E1DDB281C00D1E523 /* Department.swift */ = {isa = PBXFileReference; fileEncoding = 4; lastKnownFileType = sourcecode.swift; name = Department.swift; path = objects/Department.swift; sourceTree = "<group>"; };
		840490701DDB286200D1E523 /* SystemInformation.swift */ = {isa = PBXFileReference; fileEncoding = 4; lastKnownFileType = sourcecode.swift; name = SystemInformation.swift; path = objects/SystemInformation.swift; sourceTree = "<group>"; };
		840490721DDB28F600D1E523 /* Account.swift */ = {isa = PBXFileReference; fileEncoding = 4; lastKnownFileType = sourcecode.swift; name = Account.swift; path = objects/Account.swift; sourceTree = "<group>"; };
		840490741DDB29D000D1E523 /* Site.swift */ = {isa = PBXFileReference; fileEncoding = 4; lastKnownFileType = sourcecode.swift; name = Site.swift; path = objects/Site.swift; sourceTree = "<group>"; };
		840490761DDB2A7600D1E523 /* Privileges.swift */ = {isa = PBXFileReference; fileEncoding = 4; lastKnownFileType = sourcecode.swift; name = Privileges.swift; path = objects/Privileges.swift; sourceTree = "<group>"; };
		840490781DDB2AF700D1E523 /* ActivationCode.swift */ = {isa = PBXFileReference; fileEncoding = 4; lastKnownFileType = sourcecode.swift; name = ActivationCode.swift; path = objects/ActivationCode.swift; sourceTree = "<group>"; };
		84800FC91DEEC7DC001B4BC0 /* APITestCase.swift */ = {isa = PBXFileReference; fileEncoding = 4; lastKnownFileType = sourcecode.swift; path = APITestCase.swift; sourceTree = "<group>"; };
		84C6644C1DE59A6900E8C00B /* .gitignore */ = {isa = PBXFileReference; fileEncoding = 4; lastKnownFileType = text; path = .gitignore; sourceTree = "<group>"; };
		84C6644E1DE819E400E8C00B /* Package.swift */ = {isa = PBXFileReference; fileEncoding = 4; lastKnownFileType = sourcecode.swift; name = Package.swift; path = jssapi/objects/Package.swift; sourceTree = SOURCE_ROOT; };
		84C664531DE982D600E8C00B /* JSSResource.swift */ = {isa = PBXFileReference; fileEncoding = 4; lastKnownFileType = sourcecode.swift; name = JSSResource.swift; path = objects/JSSResource.swift; sourceTree = "<group>"; };
		84C664591DEAD23800E8C00B /* MirrorParser.swift */ = {isa = PBXFileReference; fileEncoding = 4; lastKnownFileType = sourcecode.swift; name = MirrorParser.swift; path = parsers/MirrorParser.swift; sourceTree = "<group>"; };
		84C6645C1DEAD95500E8C00B /* ParserTests.swift */ = {isa = PBXFileReference; fileEncoding = 4; lastKnownFileType = sourcecode.swift; name = ParserTests.swift; path = jssapiTests/ParserTests.swift; sourceTree = SOURCE_ROOT; };
/* End PBXFileReference section */

/* Begin PBXFrameworksBuildPhase section */
		24B02A2E1DD48EB3001596E5 /* Frameworks */ = {
			isa = PBXFrameworksBuildPhase;
			buildActionMask = 2147483647;
			files = (
			);
			runOnlyForDeploymentPostprocessing = 0;
		};
		24B02A461DD496B9001596E5 /* Frameworks */ = {
			isa = PBXFrameworksBuildPhase;
			buildActionMask = 2147483647;
			files = (
				24B02A4E1DD496BA001596E5 /* jss.framework in Frameworks */,
			);
			runOnlyForDeploymentPostprocessing = 0;
		};
		34423C371DF4F62B00535A6E /* Frameworks */ = {
			isa = PBXFrameworksBuildPhase;
			buildActionMask = 2147483647;
			files = (
			);
			runOnlyForDeploymentPostprocessing = 0;
		};
		34423C401DF4F62B00535A6E /* Frameworks */ = {
			isa = PBXFrameworksBuildPhase;
			buildActionMask = 2147483647;
			files = (
				34423C441DF4F62B00535A6E /* jsstouch.framework in Frameworks */,
			);
			runOnlyForDeploymentPostprocessing = 0;
		};
/* End PBXFrameworksBuildPhase section */

/* Begin PBXGroup section */
		244A45EA1DEBEEFC001596E5 /* coders */ = {
			isa = PBXGroup;
			children = (
				244A45EB1DEBEF0D001596E5 /* JSSXMLKeyedArchiver.swift */,
			);
			name = coders;
			sourceTree = "<group>";
		};
		244A45FF1DED704E001596E5 /* uapi */ = {
			isa = PBXGroup;
			children = (
				24B02A3D1DD48EEA001596E5 /* Token.swift */,
				24B02A3F1DD48F32001596E5 /* UAPI.swift */,
			);
			name = uapi;
			sourceTree = "<group>";
		};
		244A460E1DF2918F001596E5 /* scope */ = {
			isa = PBXGroup;
			children = (
				244A46061DF0313C001596E5 /* Scope.swift */,
			);
			name = scope;
			sourceTree = "<group>";
		};
		24B02A281DD48EB3001596E5 = {
			isa = PBXGroup;
			children = (
				24BD173F1DF55A2E001596E5 /* docs */,
				84C6644C1DE59A6900E8C00B /* .gitignore */,
				24B02A341DD48EB3001596E5 /* jss */,
				24B02A4A1DD496B9001596E5 /* jssTests */,
				34423C3C1DF4F62B00535A6E /* jsstouch */,
				34423C471DF4F62B00535A6E /* jsstouchTests */,
				24B02A331DD48EB3001596E5 /* Products */,
			);
			sourceTree = "<group>";
		};
		24B02A331DD48EB3001596E5 /* Products */ = {
			isa = PBXGroup;
			children = (
				24B02A321DD48EB3001596E5 /* jss.framework */,
				24B02A491DD496B9001596E5 /* jssTests.xctest */,
				34423C3B1DF4F62B00535A6E /* jsstouch.framework */,
				34423C431DF4F62B00535A6E /* jsstouchTests.xctest */,
			);
			name = Products;
			sourceTree = "<group>";
		};
		24B02A341DD48EB3001596E5 /* jss */ = {
			isa = PBXGroup;
			children = (
				244A45FF1DED704E001596E5 /* uapi */,
				244A45EA1DEBEEFC001596E5 /* coders */,
				3405CCDB1DE567750086E806 /* parsers */,
				34E338221DE40D280045861F /* stores */,
				8404906B1DDB276B00D1E523 /* objects */,
				24B02A351DD48EB3001596E5 /* jss.h */,
				24B02A361DD48EB3001596E5 /* Info.plist */,
				34E338161DE3ED6F0045861F /* API.swift */,
			);
			name = jss;
			path = jssapi;
			sourceTree = "<group>";
		};
		24B02A4A1DD496B9001596E5 /* jssTests */ = {
			isa = PBXGroup;
			children = (
				34423C341DF4E54400535A6E /* PolicyTests.swift */,
				34423C321DF4E1C300535A6E /* SMTPServerTests.swift */,
				34395D201DEE7905006DE032 /* CoderTests.swift */,
				244A46101DF29409001596E5 /* BuildingTests.swift */,
				84C6645C1DEAD95500E8C00B /* ParserTests.swift */,
				24B02A411DD494A6001596E5 /* UAPITests.swift */,
				244A45FD1DED6A46001596E5 /* ActivationCodeTests.swift */,
				244A45F61DEC4C91001596E5 /* PackageTests.swift */,
				24B02A4D1DD496BA001596E5 /* Info.plist */,
				244A45F31DEC0699001596E5 /* DistributionPointTests.swift */,
				244A45F81DED2E1E001596E5 /* GenericStoreTests.swift */,
				84800FC91DEEC7DC001B4BC0 /* APITestCase.swift */,
				34423C301DF4E03900535A6E /* DepartmentTests.swift */,
			);
			name = jssTests;
			path = jssapiTests;
			sourceTree = "<group>";
		};
		24BD173F1DF55A2E001596E5 /* docs */ = {
			isa = PBXGroup;
			children = (
				24BD17401DF55A57001596E5 /* .jazzy.yaml */,
				24BD17421DF55B49001596E5 /* README.md */,
				24BD17431DF55EC6001596E5 /* Policies.md */,
				344DF2A51DF664EE0018A582 /* Basic.md */,
			);
			name = docs;
			sourceTree = "<group>";
		};
		24BD17451DF56F52001596E5 /* privileges */ = {
			isa = PBXGroup;
			children = (
				840490761DDB2A7600D1E523 /* Privileges.swift */,
			);
			name = privileges;
			sourceTree = "<group>";
		};
		3405CCDB1DE567750086E806 /* parsers */ = {
			isa = PBXGroup;
			children = (
				84C664591DEAD23800E8C00B /* MirrorParser.swift */,
			);
			name = parsers;
			sourceTree = "<group>";
		};
		34395D191DEE745C006DE032 /* policy */ = {
			isa = PBXGroup;
			children = (
				244A46021DF028DD001596E5 /* DateTimeLimitations.swift */,
				244A46041DF02D76001596E5 /* Reboot.swift */,
				34395D131DEE6DB8006DE032 /* Policy.swift */,
				34395D1D1DEE75D9006DE032 /* SelfService.swift */,
				34395D1A1DEE747F006DE032 /* Maintenance.swift */,
			);
			name = policy;
			sourceTree = "<group>";
		};
		34423C3C1DF4F62B00535A6E /* jsstouch */ = {
			isa = PBXGroup;
			children = (
				34423C3D1DF4F62B00535A6E /* jss.h */,
				34423C3E1DF4F62B00535A6E /* Info.plist */,
			);
			name = jsstouch;
			path = jss;
			sourceTree = "<group>";
		};
		34423C471DF4F62B00535A6E /* jsstouchTests */ = {
			isa = PBXGroup;
			children = (
				34423C481DF4F62B00535A6E /* jssTests.swift */,
				34423C4A1DF4F62B00535A6E /* Info.plist */,
			);
			name = jsstouchTests;
			path = jssTests;
			sourceTree = "<group>";
		};
		34E338221DE40D280045861F /* stores */ = {
			isa = PBXGroup;
			children = (
				34E338251DE411340045861F /* JSSStore.swift */,
				244A46091DF193E1001596E5 /* XMLArray.swift */,
				244A45FA1DED6162001596E5 /* GenericStore.swift */,
				244A45ED1DEBFEE3001596E5 /* DistributionPointStore.swift */,
			);
			name = stores;
			sourceTree = "<group>";
		};
		8404906B1DDB276B00D1E523 /* objects */ = {
			isa = PBXGroup;
			children = (
				24BD17451DF56F52001596E5 /* privileges */,
				840490721DDB28F600D1E523 /* Account.swift */,
				24BD178A1DF5804A001596E5 /* Script.swift */,
				840490781DDB2AF700D1E523 /* ActivationCode.swift */,
				8404906C1DDB278200D1E523 /* Building.swift */,
				34395D161DEE6FF6006DE032 /* Category.swift */,
				244A46001DEFA256001596E5 /* ComputerGroup.swift */,
				244A460B1DF28FFD001596E5 /* ConfigurationProfile.swift */,
				8404906E1DDB281C00D1E523 /* Department.swift */,
				244A45EF1DEC00B0001596E5 /* DistributionPoint.swift */,
				84C664531DE982D600E8C00B /* JSSResource.swift */,
				34395D221DEEAACD006DE032 /* LDAPServer.swift */,
				84C6644E1DE819E400E8C00B /* Package.swift */,
				34395D191DEE745C006DE032 /* policy */,
				244A460E1DF2918F001596E5 /* scope */,
				840490741DDB29D000D1E523 /* Site.swift */,
				34395D101DEE69C0006DE032 /* SMTPServer.swift */,
				840490701DDB286200D1E523 /* SystemInformation.swift */,
			);
			name = objects;
			sourceTree = "<group>";
		};
/* End PBXGroup section */

/* Begin PBXHeadersBuildPhase section */
		24B02A2F1DD48EB3001596E5 /* Headers */ = {
			isa = PBXHeadersBuildPhase;
			buildActionMask = 2147483647;
			files = (
				24B02A371DD48EB3001596E5 /* jss.h in Headers */,
			);
			runOnlyForDeploymentPostprocessing = 0;
		};
		34423C381DF4F62B00535A6E /* Headers */ = {
			isa = PBXHeadersBuildPhase;
			buildActionMask = 2147483647;
			files = (
				34423C4B1DF4F62B00535A6E /* jss.h in Headers */,
			);
			runOnlyForDeploymentPostprocessing = 0;
		};
/* End PBXHeadersBuildPhase section */

/* Begin PBXNativeTarget section */
		24B02A311DD48EB3001596E5 /* jss */ = {
			isa = PBXNativeTarget;
			buildConfigurationList = 24B02A3A1DD48EB3001596E5 /* Build configuration list for PBXNativeTarget "jss" */;
			buildPhases = (
				24B02A2D1DD48EB3001596E5 /* Sources */,
				24B02A2E1DD48EB3001596E5 /* Frameworks */,
				24B02A2F1DD48EB3001596E5 /* Headers */,
				24B02A301DD48EB3001596E5 /* Resources */,
			);
			buildRules = (
			);
			dependencies = (
			);
			name = jss;
			productName = jssapi;
			productReference = 24B02A321DD48EB3001596E5 /* jss.framework */;
			productType = "com.apple.product-type.framework";
		};
		24B02A481DD496B9001596E5 /* jssTests */ = {
			isa = PBXNativeTarget;
			buildConfigurationList = 24B02A511DD496BA001596E5 /* Build configuration list for PBXNativeTarget "jssTests" */;
			buildPhases = (
				24B02A451DD496B9001596E5 /* Sources */,
				24B02A461DD496B9001596E5 /* Frameworks */,
				24B02A471DD496B9001596E5 /* Resources */,
			);
			buildRules = (
			);
			dependencies = (
				24B02A501DD496BA001596E5 /* PBXTargetDependency */,
			);
			name = jssTests;
			productName = jssapiTests;
			productReference = 24B02A491DD496B9001596E5 /* jssTests.xctest */;
			productType = "com.apple.product-type.bundle.unit-test";
		};
		34423C3A1DF4F62B00535A6E /* jsstouch */ = {
			isa = PBXNativeTarget;
			buildConfigurationList = 34423C4C1DF4F62B00535A6E /* Build configuration list for PBXNativeTarget "jsstouch" */;
			buildPhases = (
				34423C361DF4F62B00535A6E /* Sources */,
				34423C371DF4F62B00535A6E /* Frameworks */,
				34423C381DF4F62B00535A6E /* Headers */,
				34423C391DF4F62B00535A6E /* Resources */,
			);
			buildRules = (
			);
			dependencies = (
			);
			name = jsstouch;
			productName = jss;
			productReference = 34423C3B1DF4F62B00535A6E /* jsstouch.framework */;
			productType = "com.apple.product-type.framework";
		};
		34423C421DF4F62B00535A6E /* jsstouchTests */ = {
			isa = PBXNativeTarget;
			buildConfigurationList = 34423C4F1DF4F62B00535A6E /* Build configuration list for PBXNativeTarget "jsstouchTests" */;
			buildPhases = (
				34423C3F1DF4F62B00535A6E /* Sources */,
				34423C401DF4F62B00535A6E /* Frameworks */,
				34423C411DF4F62B00535A6E /* Resources */,
			);
			buildRules = (
			);
			dependencies = (
				34423C461DF4F62B00535A6E /* PBXTargetDependency */,
			);
			name = jsstouchTests;
			productName = jssTests;
			productReference = 34423C431DF4F62B00535A6E /* jsstouchTests.xctest */;
			productType = "com.apple.product-type.bundle.unit-test";
		};
/* End PBXNativeTarget section */

/* Begin PBXProject section */
		24B02A291DD48EB3001596E5 /* Project object */ = {
			isa = PBXProject;
			attributes = {
				LastSwiftUpdateCheck = 0810;
				LastUpgradeCheck = 0810;
				ORGANIZATIONNAME = Mosen;
				TargetAttributes = {
					24B02A311DD48EB3001596E5 = {
						CreatedOnToolsVersion = 8.1;
						LastSwiftMigration = 0810;
						ProvisioningStyle = Automatic;
					};
					24B02A481DD496B9001596E5 = {
						CreatedOnToolsVersion = 8.1;
						ProvisioningStyle = Automatic;
					};
					34423C3A1DF4F62B00535A6E = {
						CreatedOnToolsVersion = 8.1;
						ProvisioningStyle = Automatic;
					};
					34423C421DF4F62B00535A6E = {
						CreatedOnToolsVersion = 8.1;
						ProvisioningStyle = Automatic;
					};
				};
			};
			buildConfigurationList = 24B02A2C1DD48EB3001596E5 /* Build configuration list for PBXProject "jss" */;
			compatibilityVersion = "Xcode 3.2";
			developmentRegion = English;
			hasScannedForEncodings = 0;
			knownRegions = (
				en,
			);
			mainGroup = 24B02A281DD48EB3001596E5;
			productRefGroup = 24B02A331DD48EB3001596E5 /* Products */;
			projectDirPath = "";
			projectRoot = "";
			targets = (
				24B02A311DD48EB3001596E5 /* jss */,
				24B02A481DD496B9001596E5 /* jssTests */,
				34423C3A1DF4F62B00535A6E /* jsstouch */,
				34423C421DF4F62B00535A6E /* jsstouchTests */,
			);
		};
/* End PBXProject section */

/* Begin PBXResourcesBuildPhase section */
		24B02A301DD48EB3001596E5 /* Resources */ = {
			isa = PBXResourcesBuildPhase;
			buildActionMask = 2147483647;
			files = (
				24BD17411DF55A57001596E5 /* .jazzy.yaml in Resources */,
				84C6644D1DE59A6900E8C00B /* .gitignore in Resources */,
			);
			runOnlyForDeploymentPostprocessing = 0;
		};
		24B02A471DD496B9001596E5 /* Resources */ = {
			isa = PBXResourcesBuildPhase;
			buildActionMask = 2147483647;
			files = (
			);
			runOnlyForDeploymentPostprocessing = 0;
		};
		34423C391DF4F62B00535A6E /* Resources */ = {
			isa = PBXResourcesBuildPhase;
			buildActionMask = 2147483647;
			files = (
			);
			runOnlyForDeploymentPostprocessing = 0;
		};
		34423C411DF4F62B00535A6E /* Resources */ = {
			isa = PBXResourcesBuildPhase;
			buildActionMask = 2147483647;
			files = (
			);
			runOnlyForDeploymentPostprocessing = 0;
		};
/* End PBXResourcesBuildPhase section */

/* Begin PBXSourcesBuildPhase section */
		24B02A2D1DD48EB3001596E5 /* Sources */ = {
			isa = PBXSourcesBuildPhase;
			buildActionMask = 2147483647;
			files = (
				244A45EE1DEBFEE3001596E5 /* DistributionPointStore.swift in Sources */,
				840490751DDB29D000D1E523 /* Site.swift in Sources */,
				244A46051DF02D76001596E5 /* Reboot.swift in Sources */,
				84C6645A1DEAD23800E8C00B /* MirrorParser.swift in Sources */,
				244A460A1DF193E1001596E5 /* XMLArray.swift in Sources */,
				34395D1E1DEE75D9006DE032 /* SelfService.swift in Sources */,
				34395D141DEE6DB8006DE032 /* Policy.swift in Sources */,
				244A45F01DEC00B0001596E5 /* DistributionPoint.swift in Sources */,
				84C664541DE982D600E8C00B /* JSSResource.swift in Sources */,
				344DF2A61DF664EE0018A582 /* Basic.md in Sources */,
				244A46071DF0313C001596E5 /* Scope.swift in Sources */,
				24B02A401DD48F32001596E5 /* UAPI.swift in Sources */,
				244A46031DF028DD001596E5 /* DateTimeLimitations.swift in Sources */,
				8404906D1DDB278200D1E523 /* Building.swift in Sources */,
				244A45EC1DEBEF0D001596E5 /* JSSXMLKeyedArchiver.swift in Sources */,
				244A460C1DF28FFD001596E5 /* ConfigurationProfile.swift in Sources */,
				840490711DDB286200D1E523 /* SystemInformation.swift in Sources */,
				244A46011DEFA256001596E5 /* ComputerGroup.swift in Sources */,
				34395D231DEEAACD006DE032 /* LDAPServer.swift in Sources */,
				34E338171DE3ED6F0045861F /* API.swift in Sources */,
				244A45FB1DED6162001596E5 /* GenericStore.swift in Sources */,
				84C6644F1DE819E500E8C00B /* Package.swift in Sources */,
				840490791DDB2AF700D1E523 /* ActivationCode.swift in Sources */,
				24B02A3E1DD48EEA001596E5 /* Token.swift in Sources */,
				840490771DDB2A7600D1E523 /* Privileges.swift in Sources */,
				8404906F1DDB281C00D1E523 /* Department.swift in Sources */,
				34395D111DEE69C0006DE032 /* SMTPServer.swift in Sources */,
				34E338261DE411340045861F /* JSSStore.swift in Sources */,
				34395D1B1DEE747F006DE032 /* Maintenance.swift in Sources */,
				840490731DDB28F600D1E523 /* Account.swift in Sources */,
				24BD178B1DF5804A001596E5 /* Script.swift in Sources */,
				34395D171DEE6FF6006DE032 /* Category.swift in Sources */,
			);
			runOnlyForDeploymentPostprocessing = 0;
		};
		24B02A451DD496B9001596E5 /* Sources */ = {
			isa = PBXSourcesBuildPhase;
			buildActionMask = 2147483647;
			files = (
				244A45F91DED2E1E001596E5 /* GenericStoreTests.swift in Sources */,
				24BD178C1DF5804A001596E5 /* Script.swift in Sources */,
				34E3381C1DE3FA550045861F /* Privileges.swift in Sources */,
				84800FCA1DEEC7DC001B4BC0 /* APITestCase.swift in Sources */,
				84C6645B1DEAD23800E8C00B /* MirrorParser.swift in Sources */,
				34395D1F1DEE75D9006DE032 /* SelfService.swift in Sources */,
				34395D211DEE7905006DE032 /* CoderTests.swift in Sources */,
				34395D1C1DEE747F006DE032 /* Maintenance.swift in Sources */,
				244A45F11DEC0398001596E5 /* DistributionPointStore.swift in Sources */,
				244A45FE1DED6A46001596E5 /* ActivationCodeTests.swift in Sources */,
				24B02A551DD496CE001596E5 /* UAPI.swift in Sources */,
				244A45FC1DED6162001596E5 /* GenericStore.swift in Sources */,
				84C6645F1DEADA0E00E8C00B /* Package.swift in Sources */,
				84C664551DE982D600E8C00B /* JSSResource.swift in Sources */,
				34395D181DEE6FF6006DE032 /* Category.swift in Sources */,
				34E338181DE3F1860045861F /* API.swift in Sources */,
				34E3381E1DE3FA590045861F /* Site.swift in Sources */,
				34E338281DE4132E0045861F /* JSSStore.swift in Sources */,
				24D66F661DD9BE2F001596E5 /* Token.swift in Sources */,
				244A460D1DF28FFD001596E5 /* ConfigurationProfile.swift in Sources */,
				34423C311DF4E03900535A6E /* DepartmentTests.swift in Sources */,
				34423C331DF4E1C300535A6E /* SMTPServerTests.swift in Sources */,
				34395D151DEE6DB8006DE032 /* Policy.swift in Sources */,
				244A46081DF03141001596E5 /* Scope.swift in Sources */,
				244A460F1DF292EC001596E5 /* ComputerGroup.swift in Sources */,
				244A45F71DEC4C91001596E5 /* PackageTests.swift in Sources */,
				34E338201DE3FA5D0045861F /* Department.swift in Sources */,
				244A45F51DEC12AC001596E5 /* JSSXMLKeyedArchiver.swift in Sources */,
				34E338211DE3FA5E0045861F /* Building.swift in Sources */,
				84C6645E1DEAD95500E8C00B /* ParserTests.swift in Sources */,
				34395D241DEEAACD006DE032 /* LDAPServer.swift in Sources */,
				34E3381D1DE3FA570045861F /* Account.swift in Sources */,
				244A45F21DEC039B001596E5 /* DistributionPoint.swift in Sources */,
				34E3381F1DE3FA5B0045861F /* SystemInformation.swift in Sources */,
				244A45F41DEC0699001596E5 /* DistributionPointTests.swift in Sources */,
				34395D121DEE69C0006DE032 /* SMTPServer.swift in Sources */,
				34423C351DF4E54400535A6E /* PolicyTests.swift in Sources */,
				34E3381B1DE3FA530045861F /* ActivationCode.swift in Sources */,
				244A46111DF29409001596E5 /* BuildingTests.swift in Sources */,
			);
			runOnlyForDeploymentPostprocessing = 0;
		};
		34423C361DF4F62B00535A6E /* Sources */ = {
			isa = PBXSourcesBuildPhase;
			buildActionMask = 2147483647;
			files = (
				24BD17461DF570E2001596E5 /* Account.swift in Sources */,
				24BD178D1DF5804A001596E5 /* Script.swift in Sources */,
				24BD17481DF570EA001596E5 /* Privileges.swift in Sources */,
			);
			runOnlyForDeploymentPostprocessing = 0;
		};
		34423C3F1DF4F62B00535A6E /* Sources */ = {
			isa = PBXSourcesBuildPhase;
			buildActionMask = 2147483647;
			files = (
				24BD178E1DF5804A001596E5 /* Script.swift in Sources */,
				34423C491DF4F62B00535A6E /* jssTests.swift in Sources */,
				24BD17491DF570EA001596E5 /* Privileges.swift in Sources */,
				24BD17471DF570E3001596E5 /* Account.swift in Sources */,
			);
			runOnlyForDeploymentPostprocessing = 0;
		};
/* End PBXSourcesBuildPhase section */

/* Begin PBXTargetDependency section */
		24B02A501DD496BA001596E5 /* PBXTargetDependency */ = {
			isa = PBXTargetDependency;
			target = 24B02A311DD48EB3001596E5 /* jss */;
			targetProxy = 24B02A4F1DD496BA001596E5 /* PBXContainerItemProxy */;
		};
		34423C461DF4F62B00535A6E /* PBXTargetDependency */ = {
			isa = PBXTargetDependency;
			target = 34423C3A1DF4F62B00535A6E /* jsstouch */;
			targetProxy = 34423C451DF4F62B00535A6E /* PBXContainerItemProxy */;
		};
/* End PBXTargetDependency section */

/* Begin XCBuildConfiguration section */
		24B02A381DD48EB3001596E5 /* Debug */ = {
			isa = XCBuildConfiguration;
			buildSettings = {
				ALWAYS_SEARCH_USER_PATHS = NO;
				CLANG_ANALYZER_NONNULL = YES;
				CLANG_CXX_LANGUAGE_STANDARD = "gnu++0x";
				CLANG_CXX_LIBRARY = "libc++";
				CLANG_ENABLE_MODULES = YES;
				CLANG_ENABLE_OBJC_ARC = YES;
				CLANG_WARN_BOOL_CONVERSION = YES;
				CLANG_WARN_CONSTANT_CONVERSION = YES;
				CLANG_WARN_DIRECT_OBJC_ISA_USAGE = YES_ERROR;
				CLANG_WARN_DOCUMENTATION_COMMENTS = YES;
				CLANG_WARN_EMPTY_BODY = YES;
				CLANG_WARN_ENUM_CONVERSION = YES;
				CLANG_WARN_INFINITE_RECURSION = YES;
				CLANG_WARN_INT_CONVERSION = YES;
				CLANG_WARN_OBJC_ROOT_CLASS = YES_ERROR;
				CLANG_WARN_SUSPICIOUS_MOVES = YES;
				CLANG_WARN_UNREACHABLE_CODE = YES;
				CLANG_WARN__DUPLICATE_METHOD_MATCH = YES;
				CODE_SIGN_IDENTITY = "-";
				COPY_PHASE_STRIP = NO;
				CURRENT_PROJECT_VERSION = 1;
				DEBUG_INFORMATION_FORMAT = dwarf;
				ENABLE_STRICT_OBJC_MSGSEND = YES;
				ENABLE_TESTABILITY = YES;
				GCC_C_LANGUAGE_STANDARD = gnu99;
				GCC_DYNAMIC_NO_PIC = NO;
				GCC_NO_COMMON_BLOCKS = YES;
				GCC_OPTIMIZATION_LEVEL = 0;
				GCC_PREPROCESSOR_DEFINITIONS = (
					"DEBUG=1",
					"$(inherited)",
				);
				GCC_WARN_64_TO_32_BIT_CONVERSION = YES;
				GCC_WARN_ABOUT_RETURN_TYPE = YES_ERROR;
				GCC_WARN_UNDECLARED_SELECTOR = YES;
				GCC_WARN_UNINITIALIZED_AUTOS = YES_AGGRESSIVE;
				GCC_WARN_UNUSED_FUNCTION = YES;
				GCC_WARN_UNUSED_VARIABLE = YES;
				IPHONEOS_DEPLOYMENT_TARGET = 9.3;
				MACOSX_DEPLOYMENT_TARGET = 10.11;
				MTL_ENABLE_DEBUG_INFO = YES;
				ONLY_ACTIVE_ARCH = YES;
				SDKROOT = macosx;
				SWIFT_ACTIVE_COMPILATION_CONDITIONS = DEBUG;
				SWIFT_OPTIMIZATION_LEVEL = "-Onone";
				VERSIONING_SYSTEM = "apple-generic";
				VERSION_INFO_PREFIX = "";
			};
			name = Debug;
		};
		24B02A391DD48EB3001596E5 /* Release */ = {
			isa = XCBuildConfiguration;
			buildSettings = {
				ALWAYS_SEARCH_USER_PATHS = NO;
				CLANG_ANALYZER_NONNULL = YES;
				CLANG_CXX_LANGUAGE_STANDARD = "gnu++0x";
				CLANG_CXX_LIBRARY = "libc++";
				CLANG_ENABLE_MODULES = YES;
				CLANG_ENABLE_OBJC_ARC = YES;
				CLANG_WARN_BOOL_CONVERSION = YES;
				CLANG_WARN_CONSTANT_CONVERSION = YES;
				CLANG_WARN_DIRECT_OBJC_ISA_USAGE = YES_ERROR;
				CLANG_WARN_DOCUMENTATION_COMMENTS = YES;
				CLANG_WARN_EMPTY_BODY = YES;
				CLANG_WARN_ENUM_CONVERSION = YES;
				CLANG_WARN_INFINITE_RECURSION = YES;
				CLANG_WARN_INT_CONVERSION = YES;
				CLANG_WARN_OBJC_ROOT_CLASS = YES_ERROR;
				CLANG_WARN_SUSPICIOUS_MOVES = YES;
				CLANG_WARN_UNREACHABLE_CODE = YES;
				CLANG_WARN__DUPLICATE_METHOD_MATCH = YES;
				CODE_SIGN_IDENTITY = "-";
				COPY_PHASE_STRIP = NO;
				CURRENT_PROJECT_VERSION = 1;
				DEBUG_INFORMATION_FORMAT = "dwarf-with-dsym";
				ENABLE_NS_ASSERTIONS = NO;
				ENABLE_STRICT_OBJC_MSGSEND = YES;
				GCC_C_LANGUAGE_STANDARD = gnu99;
				GCC_NO_COMMON_BLOCKS = YES;
				GCC_WARN_64_TO_32_BIT_CONVERSION = YES;
				GCC_WARN_ABOUT_RETURN_TYPE = YES_ERROR;
				GCC_WARN_UNDECLARED_SELECTOR = YES;
				GCC_WARN_UNINITIALIZED_AUTOS = YES_AGGRESSIVE;
				GCC_WARN_UNUSED_FUNCTION = YES;
				GCC_WARN_UNUSED_VARIABLE = YES;
				IPHONEOS_DEPLOYMENT_TARGET = 9.3;
				MACOSX_DEPLOYMENT_TARGET = 10.11;
				MTL_ENABLE_DEBUG_INFO = NO;
				SDKROOT = macosx;
				SWIFT_OPTIMIZATION_LEVEL = "-Owholemodule";
				VERSIONING_SYSTEM = "apple-generic";
				VERSION_INFO_PREFIX = "";
			};
			name = Release;
		};
		24B02A3B1DD48EB3001596E5 /* Debug */ = {
			isa = XCBuildConfiguration;
			buildSettings = {
				CLANG_ENABLE_MODULES = YES;
				CODE_SIGN_IDENTITY = "";
				COMBINE_HIDPI_IMAGES = YES;
				DEFINES_MODULE = YES;
				DYLIB_COMPATIBILITY_VERSION = 1;
				DYLIB_CURRENT_VERSION = 1;
				DYLIB_INSTALL_NAME_BASE = "@rpath";
				FRAMEWORK_VERSION = A;
				INFOPLIST_FILE = jssapi/Info.plist;
				INSTALL_PATH = "$(LOCAL_LIBRARY_DIR)/Frameworks";
				LD_RUNPATH_SEARCH_PATHS = "$(inherited) @executable_path/../Frameworks @loader_path/Frameworks";
				PRODUCT_BUNDLE_IDENTIFIER = com.github.mosen.jss;
				PRODUCT_NAME = "$(TARGET_NAME)";
				SKIP_INSTALL = YES;
				SWIFT_OPTIMIZATION_LEVEL = "-Onone";
				SWIFT_VERSION = 3.0;
			};
			name = Debug;
		};
		24B02A3C1DD48EB3001596E5 /* Release */ = {
			isa = XCBuildConfiguration;
			buildSettings = {
				CLANG_ENABLE_MODULES = YES;
				CODE_SIGN_IDENTITY = "";
				COMBINE_HIDPI_IMAGES = YES;
				DEFINES_MODULE = YES;
				DYLIB_COMPATIBILITY_VERSION = 1;
				DYLIB_CURRENT_VERSION = 1;
				DYLIB_INSTALL_NAME_BASE = "@rpath";
				FRAMEWORK_VERSION = A;
				INFOPLIST_FILE = jssapi/Info.plist;
				INSTALL_PATH = "$(LOCAL_LIBRARY_DIR)/Frameworks";
				LD_RUNPATH_SEARCH_PATHS = "$(inherited) @executable_path/../Frameworks @loader_path/Frameworks";
				PRODUCT_BUNDLE_IDENTIFIER = com.github.mosen.jss;
				PRODUCT_NAME = "$(TARGET_NAME)";
				SKIP_INSTALL = YES;
				SWIFT_VERSION = 3.0;
			};
			name = Release;
		};
		24B02A521DD496BA001596E5 /* Debug */ = {
			isa = XCBuildConfiguration;
			buildSettings = {
				COMBINE_HIDPI_IMAGES = YES;
				INFOPLIST_FILE = jssapiTests/Info.plist;
				LD_RUNPATH_SEARCH_PATHS = "$(inherited) @executable_path/../Frameworks @loader_path/../Frameworks";
				PRODUCT_BUNDLE_IDENTIFIER = com.github.mosen.jssapiTests;
				PRODUCT_NAME = "$(TARGET_NAME)";
				SWIFT_VERSION = 3.0;
			};
			name = Debug;
		};
		24B02A531DD496BA001596E5 /* Release */ = {
			isa = XCBuildConfiguration;
			buildSettings = {
				COMBINE_HIDPI_IMAGES = YES;
				INFOPLIST_FILE = jssapiTests/Info.plist;
				LD_RUNPATH_SEARCH_PATHS = "$(inherited) @executable_path/../Frameworks @loader_path/../Frameworks";
				PRODUCT_BUNDLE_IDENTIFIER = com.github.mosen.jssapiTests;
				PRODUCT_NAME = "$(TARGET_NAME)";
				SWIFT_VERSION = 3.0;
			};
			name = Release;
		};
		34423C4D1DF4F62B00535A6E /* Debug */ = {
			isa = XCBuildConfiguration;
			buildSettings = {
				CODE_SIGN_IDENTITY = "";
				"CODE_SIGN_IDENTITY[sdk=iphoneos*]" = "iPhone Developer";
				DEFINES_MODULE = YES;
				DYLIB_COMPATIBILITY_VERSION = 1;
				DYLIB_CURRENT_VERSION = 1;
				DYLIB_INSTALL_NAME_BASE = "@rpath";
				INFOPLIST_FILE = jss/Info.plist;
				INSTALL_PATH = "$(LOCAL_LIBRARY_DIR)/Frameworks";
				IPHONEOS_DEPLOYMENT_TARGET = 10.1;
				LD_RUNPATH_SEARCH_PATHS = "$(inherited) @executable_path/Frameworks @loader_path/Frameworks";
				PRODUCT_BUNDLE_IDENTIFIER = com.github.mosen.jsstouch;
				PRODUCT_NAME = "$(TARGET_NAME)";
				SDKROOT = iphoneos;
				SKIP_INSTALL = YES;
				SWIFT_VERSION = 3.0;
				TARGETED_DEVICE_FAMILY = "1,2";
			};
			name = Debug;
		};
		34423C4E1DF4F62B00535A6E /* Release */ = {
			isa = XCBuildConfiguration;
			buildSettings = {
				CODE_SIGN_IDENTITY = "";
				"CODE_SIGN_IDENTITY[sdk=iphoneos*]" = "iPhone Developer";
				DEFINES_MODULE = YES;
				DYLIB_COMPATIBILITY_VERSION = 1;
				DYLIB_CURRENT_VERSION = 1;
				DYLIB_INSTALL_NAME_BASE = "@rpath";
				INFOPLIST_FILE = jss/Info.plist;
				INSTALL_PATH = "$(LOCAL_LIBRARY_DIR)/Frameworks";
				IPHONEOS_DEPLOYMENT_TARGET = 10.1;
				LD_RUNPATH_SEARCH_PATHS = "$(inherited) @executable_path/Frameworks @loader_path/Frameworks";
				PRODUCT_BUNDLE_IDENTIFIER = com.github.mosen.jsstouch;
				PRODUCT_NAME = "$(TARGET_NAME)";
				SDKROOT = iphoneos;
				SKIP_INSTALL = YES;
				SWIFT_VERSION = 3.0;
				TARGETED_DEVICE_FAMILY = "1,2";
				VALIDATE_PRODUCT = YES;
			};
			name = Release;
		};
		34423C501DF4F62B00535A6E /* Debug */ = {
			isa = XCBuildConfiguration;
			buildSettings = {
				ALWAYS_EMBED_SWIFT_STANDARD_LIBRARIES = YES;
				"CODE_SIGN_IDENTITY[sdk=iphoneos*]" = "iPhone Developer";
				INFOPLIST_FILE = jssTests/Info.plist;
				IPHONEOS_DEPLOYMENT_TARGET = 10.1;
				LD_RUNPATH_SEARCH_PATHS = "$(inherited) @executable_path/Frameworks @loader_path/Frameworks";
				PRODUCT_BUNDLE_IDENTIFIER = com.github.mosen.jssTests;
				PRODUCT_NAME = "$(TARGET_NAME)";
				SDKROOT = iphoneos;
				SWIFT_VERSION = 3.0;
			};
			name = Debug;
		};
		34423C511DF4F62B00535A6E /* Release */ = {
			isa = XCBuildConfiguration;
			buildSettings = {
				ALWAYS_EMBED_SWIFT_STANDARD_LIBRARIES = YES;
				"CODE_SIGN_IDENTITY[sdk=iphoneos*]" = "iPhone Developer";
				INFOPLIST_FILE = jssTests/Info.plist;
				IPHONEOS_DEPLOYMENT_TARGET = 10.1;
				LD_RUNPATH_SEARCH_PATHS = "$(inherited) @executable_path/Frameworks @loader_path/Frameworks";
				PRODUCT_BUNDLE_IDENTIFIER = com.github.mosen.jssTests;
				PRODUCT_NAME = "$(TARGET_NAME)";
				SDKROOT = iphoneos;
				SWIFT_VERSION = 3.0;
				VALIDATE_PRODUCT = YES;
			};
			name = Release;
		};
/* End XCBuildConfiguration section */

/* Begin XCConfigurationList section */
		24B02A2C1DD48EB3001596E5 /* Build configuration list for PBXProject "jss" */ = {
			isa = XCConfigurationList;
			buildConfigurations = (
				24B02A381DD48EB3001596E5 /* Debug */,
				24B02A391DD48EB3001596E5 /* Release */,
			);
			defaultConfigurationIsVisible = 0;
			defaultConfigurationName = Release;
		};
		24B02A3A1DD48EB3001596E5 /* Build configuration list for PBXNativeTarget "jss" */ = {
			isa = XCConfigurationList;
			buildConfigurations = (
				24B02A3B1DD48EB3001596E5 /* Debug */,
				24B02A3C1DD48EB3001596E5 /* Release */,
			);
			defaultConfigurationIsVisible = 0;
			defaultConfigurationName = Release;
		};
		24B02A511DD496BA001596E5 /* Build configuration list for PBXNativeTarget "jssTests" */ = {
			isa = XCConfigurationList;
			buildConfigurations = (
				24B02A521DD496BA001596E5 /* Debug */,
				24B02A531DD496BA001596E5 /* Release */,
			);
			defaultConfigurationIsVisible = 0;
			defaultConfigurationName = Release;
		};
		34423C4C1DF4F62B00535A6E /* Build configuration list for PBXNativeTarget "jsstouch" */ = {
			isa = XCConfigurationList;
			buildConfigurations = (
				34423C4D1DF4F62B00535A6E /* Debug */,
				34423C4E1DF4F62B00535A6E /* Release */,
			);
			defaultConfigurationIsVisible = 0;
			defaultConfigurationName = Release;
		};
		34423C4F1DF4F62B00535A6E /* Build configuration list for PBXNativeTarget "jsstouchTests" */ = {
			isa = XCConfigurationList;
			buildConfigurations = (
				34423C501DF4F62B00535A6E /* Debug */,
				34423C511DF4F62B00535A6E /* Release */,
			);
			defaultConfigurationIsVisible = 0;
			defaultConfigurationName = Release;
		};
/* End XCConfigurationList section */
	};
	rootObject = 24B02A291DD48EB3001596E5 /* Project object */;
}
